// !$*UTF8*$!
{
	archiveVersion = 1;
	classes = {
	};
	objectVersion = 48;
	objects = {

/* Begin PBXBuildFile section */
		8CE0936EB06937E16A7EA898 /* Pods_FireChat.framework in Frameworks */ = {isa = PBXBuildFile; fileRef = E92E70E815E9743183373674 /* Pods_FireChat.framework */; };
		EE06C7142065D3E200D90B20 /* FCChatVC.swift in Sources */ = {isa = PBXBuildFile; fileRef = EE06C7132065D3E200D90B20 /* FCChatVC.swift */; };
		EE1714672061B5B700C84DD6 /* GoogleService-Info.plist in Resources */ = {isa = PBXBuildFile; fileRef = EE1714662061B5B700C84DD6 /* GoogleService-Info.plist */; };
		EE17146B2061D0F800C84DD6 /* FCFirebaseAuthService.swift in Sources */ = {isa = PBXBuildFile; fileRef = EE17146A2061D0F800C84DD6 /* FCFirebaseAuthService.swift */; };
		EE65FA25206323CA00EE2FDB /* NYAlertView.m in Sources */ = {isa = PBXBuildFile; fileRef = EE65FA22206323CA00EE2FDB /* NYAlertView.m */; };
		EE65FA26206323CA00EE2FDB /* NYAlertViewController.m in Sources */ = {isa = PBXBuildFile; fileRef = EE65FA24206323CA00EE2FDB /* NYAlertViewController.m */; };
		EE65FA2A2064581600EE2FDB /* FCFirebaseDatabaseService.swift in Sources */ = {isa = PBXBuildFile; fileRef = EE65FA292064581600EE2FDB /* FCFirebaseDatabaseService.swift */; };
		EE65FA2C20645B6200EE2FDB /* Constants.swift in Sources */ = {isa = PBXBuildFile; fileRef = EE65FA2B20645B6200EE2FDB /* Constants.swift */; };
		EE65FA2F2064672C00EE2FDB /* LottieHUD.swift in Sources */ = {isa = PBXBuildFile; fileRef = EE65FA2E2064672C00EE2FDB /* LottieHUD.swift */; };
		EE72931B206469B400F408E2 /* veil.json in Resources */ = {isa = PBXBuildFile; fileRef = EE72931A206469B400F408E2 /* veil.json */; };
		EE72931D20646B9900F408E2 /* anubis.json in Resources */ = {isa = PBXBuildFile; fileRef = EE72931C20646B9900F408E2 /* anubis.json */; };
		EE72931F20646C1000F408E2 /* acrobatics.json in Resources */ = {isa = PBXBuildFile; fileRef = EE72931E20646C1000F408E2 /* acrobatics.json */; };
		EE7293232065BF2600F408E2 /* Contact.swift in Sources */ = {isa = PBXBuildFile; fileRef = EE7293222065BF2600F408E2 /* Contact.swift */; };
		EEAF638F206059E50046F135 /* AppDelegate.swift in Sources */ = {isa = PBXBuildFile; fileRef = EEAF638E206059E50046F135 /* AppDelegate.swift */; };
		EEAF6394206059E50046F135 /* Main.storyboard in Resources */ = {isa = PBXBuildFile; fileRef = EEAF6392206059E50046F135 /* Main.storyboard */; };
		EEAF6396206059E50046F135 /* Assets.xcassets in Resources */ = {isa = PBXBuildFile; fileRef = EEAF6395206059E50046F135 /* Assets.xcassets */; };
		EEAF6399206059E50046F135 /* LaunchScreen.storyboard in Resources */ = {isa = PBXBuildFile; fileRef = EEAF6397206059E50046F135 /* LaunchScreen.storyboard */; };
		EEAF63AA206064E00046F135 /* FCContactsVC.swift in Sources */ = {isa = PBXBuildFile; fileRef = EEAF63A9206064E00046F135 /* FCContactsVC.swift */; };
		EEAF63AC206064F90046F135 /* FCSignInVC.swift in Sources */ = {isa = PBXBuildFile; fileRef = EEAF63AB206064F90046F135 /* FCSignInVC.swift */; };
/* End PBXBuildFile section */

/* Begin PBXFileReference section */
		4961E299F31FB6E95A32F753 /* Pods-FireChat.debug.xcconfig */ = {isa = PBXFileReference; includeInIndex = 1; lastKnownFileType = text.xcconfig; name = "Pods-FireChat.debug.xcconfig"; path = "Pods/Target Support Files/Pods-FireChat/Pods-FireChat.debug.xcconfig"; sourceTree = "<group>"; };
		DB515A6DD1129DE0747749F4 /* Pods-FireChat.release.xcconfig */ = {isa = PBXFileReference; includeInIndex = 1; lastKnownFileType = text.xcconfig; name = "Pods-FireChat.release.xcconfig"; path = "Pods/Target Support Files/Pods-FireChat/Pods-FireChat.release.xcconfig"; sourceTree = "<group>"; };
		E92E70E815E9743183373674 /* Pods_FireChat.framework */ = {isa = PBXFileReference; explicitFileType = wrapper.framework; includeInIndex = 0; path = Pods_FireChat.framework; sourceTree = BUILT_PRODUCTS_DIR; };
		EE06C7132065D3E200D90B20 /* FCChatVC.swift */ = {isa = PBXFileReference; lastKnownFileType = sourcecode.swift; path = FCChatVC.swift; sourceTree = "<group>"; };
		EE1714662061B5B700C84DD6 /* GoogleService-Info.plist */ = {isa = PBXFileReference; fileEncoding = 4; lastKnownFileType = text.plist.xml; path = "GoogleService-Info.plist"; sourceTree = "<group>"; };
		EE17146A2061D0F800C84DD6 /* FCFirebaseAuthService.swift */ = {isa = PBXFileReference; lastKnownFileType = sourcecode.swift; path = FCFirebaseAuthService.swift; sourceTree = "<group>"; };
		EE65FA21206323CA00EE2FDB /* NYAlertViewController.h */ = {isa = PBXFileReference; fileEncoding = 4; lastKnownFileType = sourcecode.c.h; path = NYAlertViewController.h; sourceTree = "<group>"; };
		EE65FA22206323CA00EE2FDB /* NYAlertView.m */ = {isa = PBXFileReference; fileEncoding = 4; lastKnownFileType = sourcecode.c.objc; path = NYAlertView.m; sourceTree = "<group>"; };
		EE65FA23206323CA00EE2FDB /* NYAlertView.h */ = {isa = PBXFileReference; fileEncoding = 4; lastKnownFileType = sourcecode.c.h; path = NYAlertView.h; sourceTree = "<group>"; };
		EE65FA24206323CA00EE2FDB /* NYAlertViewController.m */ = {isa = PBXFileReference; fileEncoding = 4; lastKnownFileType = sourcecode.c.objc; path = NYAlertViewController.m; sourceTree = "<group>"; };
		EE65FA292064581600EE2FDB /* FCFirebaseDatabaseService.swift */ = {isa = PBXFileReference; lastKnownFileType = sourcecode.swift; path = FCFirebaseDatabaseService.swift; sourceTree = "<group>"; };
		EE65FA2B20645B6200EE2FDB /* Constants.swift */ = {isa = PBXFileReference; lastKnownFileType = sourcecode.swift; path = Constants.swift; sourceTree = "<group>"; };
		EE65FA2E2064672C00EE2FDB /* LottieHUD.swift */ = {isa = PBXFileReference; fileEncoding = 4; lastKnownFileType = sourcecode.swift; path = LottieHUD.swift; sourceTree = "<group>"; };
		EE72931A206469B400F408E2 /* veil.json */ = {isa = PBXFileReference; fileEncoding = 4; lastKnownFileType = text.json; path = veil.json; sourceTree = "<group>"; };
		EE72931C20646B9900F408E2 /* anubis.json */ = {isa = PBXFileReference; fileEncoding = 4; lastKnownFileType = text.json; path = anubis.json; sourceTree = "<group>"; };
		EE72931E20646C1000F408E2 /* acrobatics.json */ = {isa = PBXFileReference; fileEncoding = 4; lastKnownFileType = text.json; path = acrobatics.json; sourceTree = "<group>"; };
		EE7293222065BF2600F408E2 /* Contact.swift */ = {isa = PBXFileReference; lastKnownFileType = sourcecode.swift; path = Contact.swift; sourceTree = "<group>"; };
		EEAF638B206059E50046F135 /* FireChat.app */ = {isa = PBXFileReference; explicitFileType = wrapper.application; includeInIndex = 0; path = FireChat.app; sourceTree = BUILT_PRODUCTS_DIR; };
		EEAF638E206059E50046F135 /* AppDelegate.swift */ = {isa = PBXFileReference; lastKnownFileType = sourcecode.swift; path = AppDelegate.swift; sourceTree = "<group>"; };
		EEAF6393206059E50046F135 /* Base */ = {isa = PBXFileReference; lastKnownFileType = file.storyboard; name = Base; path = Base.lproj/Main.storyboard; sourceTree = "<group>"; };
		EEAF6395206059E50046F135 /* Assets.xcassets */ = {isa = PBXFileReference; lastKnownFileType = folder.assetcatalog; path = Assets.xcassets; sourceTree = "<group>"; };
		EEAF6398206059E50046F135 /* Base */ = {isa = PBXFileReference; lastKnownFileType = file.storyboard; name = Base; path = Base.lproj/LaunchScreen.storyboard; sourceTree = "<group>"; };
		EEAF639A206059E50046F135 /* Info.plist */ = {isa = PBXFileReference; lastKnownFileType = text.plist.xml; path = Info.plist; sourceTree = "<group>"; };
		EEAF63A9206064E00046F135 /* FCContactsVC.swift */ = {isa = PBXFileReference; lastKnownFileType = sourcecode.swift; path = FCContactsVC.swift; sourceTree = "<group>"; };
		EEAF63AB206064F90046F135 /* FCSignInVC.swift */ = {isa = PBXFileReference; lastKnownFileType = sourcecode.swift; path = FCSignInVC.swift; sourceTree = "<group>"; };
		EED7F9FC206317C0009E0DB8 /* FireChat-Bridging-Header.h */ = {isa = PBXFileReference; lastKnownFileType = sourcecode.c.h; path = "FireChat-Bridging-Header.h"; sourceTree = "<group>"; };
/* End PBXFileReference section */

/* Begin PBXFrameworksBuildPhase section */
		EEAF6388206059E50046F135 /* Frameworks */ = {
			isa = PBXFrameworksBuildPhase;
			buildActionMask = 2147483647;
			files = (
				8CE0936EB06937E16A7EA898 /* Pods_FireChat.framework in Frameworks */,
			);
			runOnlyForDeploymentPostprocessing = 0;
		};
/* End PBXFrameworksBuildPhase section */

/* Begin PBXGroup section */
		1DA23D18079A709B009072BB /* Pods */ = {
			isa = PBXGroup;
			children = (
				4961E299F31FB6E95A32F753 /* Pods-FireChat.debug.xcconfig */,
				DB515A6DD1129DE0747749F4 /* Pods-FireChat.release.xcconfig */,
			);
			name = Pods;
			sourceTree = "<group>";
		};
		3CE8227A93A6967EA45F4775 /* Frameworks */ = {
			isa = PBXGroup;
			children = (
				E92E70E815E9743183373674 /* Pods_FireChat.framework */,
			);
			name = Frameworks;
			sourceTree = "<group>";
		};
		EE1714682061D0AD00C84DD6 /* Network */ = {
			isa = PBXGroup;
			children = (
				EE1714692061D0C900C84DD6 /* Firebase */,
			);
			path = Network;
			sourceTree = "<group>";
		};
		EE1714692061D0C900C84DD6 /* Firebase */ = {
			isa = PBXGroup;
			children = (
				EE17146A2061D0F800C84DD6 /* FCFirebaseAuthService.swift */,
			);
			path = Firebase;
			sourceTree = "<group>";
		};
		EE65FA20206323CA00EE2FDB /* NYAlertViewController */ = {
			isa = PBXGroup;
			children = (
				EE65FA21206323CA00EE2FDB /* NYAlertViewController.h */,
				EE65FA24206323CA00EE2FDB /* NYAlertViewController.m */,
				EE65FA23206323CA00EE2FDB /* NYAlertView.h */,
				EE65FA22206323CA00EE2FDB /* NYAlertView.m */,
			);
			path = NYAlertViewController;
			sourceTree = "<group>";
		};
		EE65FA272064575400EE2FDB /* Database */ = {
			isa = PBXGroup;
			children = (
				EE65FA282064576600EE2FDB /* Firebase */,
			);
			path = Database;
			sourceTree = "<group>";
		};
		EE65FA282064576600EE2FDB /* Firebase */ = {
			isa = PBXGroup;
			children = (
				EE65FA292064581600EE2FDB /* FCFirebaseDatabaseService.swift */,
			);
			path = Firebase;
			sourceTree = "<group>";
		};
		EE65FA2D2064672C00EE2FDB /* LottieHUD */ = {
			isa = PBXGroup;
			children = (
				EE72931E20646C1000F408E2 /* acrobatics.json */,
				EE72931C20646B9900F408E2 /* anubis.json */,
				EE72931A206469B400F408E2 /* veil.json */,
				EE65FA2E2064672C00EE2FDB /* LottieHUD.swift */,
			);
			path = LottieHUD;
			sourceTree = "<group>";
		};
		EEAF6382206059E50046F135 = {
			isa = PBXGroup;
			children = (
				EEAF638D206059E50046F135 /* FireChat */,
				EEB67B7B20630FB70008733C /* Libraries */,
				EEAF63A020605F440046F135 /* Supporting */,
				EEAF638C206059E50046F135 /* Products */,
				1DA23D18079A709B009072BB /* Pods */,
				3CE8227A93A6967EA45F4775 /* Frameworks */,
			);
			sourceTree = "<group>";
		};
		EEAF638C206059E50046F135 /* Products */ = {
			isa = PBXGroup;
			children = (
				EEAF638B206059E50046F135 /* FireChat.app */,
			);
			name = Products;
			sourceTree = "<group>";
		};
		EEAF638D206059E50046F135 /* FireChat */ = {
			isa = PBXGroup;
			children = (
				EEAF6392206059E50046F135 /* Main.storyboard */,
				EE65FA2B20645B6200EE2FDB /* Constants.swift */,
				EEAF63A1206060B80046F135 /* AppDelegate */,
				EE65FA272064575400EE2FDB /* Database */,
				EE1714682061D0AD00C84DD6 /* Network */,
				EEAF63A4206061A00046F135 /* Controller */,
				EEAF63A3206061770046F135 /* View */,
				EEAF63A2206061680046F135 /* Model */,
			);
			path = FireChat;
			sourceTree = "<group>";
		};
		EEAF63A020605F440046F135 /* Supporting */ = {
			isa = PBXGroup;
			children = (
				EED7F9FC206317C0009E0DB8 /* FireChat-Bridging-Header.h */,
				EEAF6397206059E50046F135 /* LaunchScreen.storyboard */,
				EEAF639A206059E50046F135 /* Info.plist */,
				EE1714662061B5B700C84DD6 /* GoogleService-Info.plist */,
				EEAF6395206059E50046F135 /* Assets.xcassets */,
			);
			path = Supporting;
			sourceTree = "<group>";
		};
		EEAF63A1206060B80046F135 /* AppDelegate */ = {
			isa = PBXGroup;
			children = (
				EEAF638E206059E50046F135 /* AppDelegate.swift */,
			);
			path = AppDelegate;
			sourceTree = "<group>";
		};
		EEAF63A2206061680046F135 /* Model */ = {
			isa = PBXGroup;
			children = (
				EE7293222065BF2600F408E2 /* Contact.swift */,
			);
			path = Model;
			sourceTree = "<group>";
		};
		EEAF63A3206061770046F135 /* View */ = {
			isa = PBXGroup;
			children = (
			);
			path = View;
			sourceTree = "<group>";
		};
		EEAF63A4206061A00046F135 /* Controller */ = {
			isa = PBXGroup;
			children = (
				EEAF63AB206064F90046F135 /* FCSignInVC.swift */,
				EEAF63A9206064E00046F135 /* FCContactsVC.swift */,
				EE06C7132065D3E200D90B20 /* FCChatVC.swift */,
			);
			path = Controller;
			sourceTree = "<group>";
		};
		EEB67B7B20630FB70008733C /* Libraries */ = {
			isa = PBXGroup;
			children = (
				EE65FA2D2064672C00EE2FDB /* LottieHUD */,
				EE65FA20206323CA00EE2FDB /* NYAlertViewController */,
			);
			path = Libraries;
			sourceTree = "<group>";
		};
/* End PBXGroup section */

/* Begin PBXNativeTarget section */
		EEAF638A206059E50046F135 /* FireChat */ = {
			isa = PBXNativeTarget;
			buildConfigurationList = EEAF639D206059E50046F135 /* Build configuration list for PBXNativeTarget "FireChat" */;
			buildPhases = (
				F3CE52BB619D7D30B357EB8F /* [CP] Check Pods Manifest.lock */,
				EEAF6387206059E50046F135 /* Sources */,
				EEAF6388206059E50046F135 /* Frameworks */,
				EEAF6389206059E50046F135 /* Resources */,
				1A4B3AB534888C532D0EB23D /* [CP] Embed Pods Frameworks */,
				D94C4418937CCF9D301DD0AC /* [CP] Copy Pods Resources */,
			);
			buildRules = (
			);
			dependencies = (
			);
			name = FireChat;
			productName = FireChat;
			productReference = EEAF638B206059E50046F135 /* FireChat.app */;
			productType = "com.apple.product-type.application";
		};
/* End PBXNativeTarget section */

/* Begin PBXProject section */
		EEAF6383206059E50046F135 /* Project object */ = {
			isa = PBXProject;
			attributes = {
				CLASSPREFIX = FC;
				LastSwiftUpdateCheck = 0920;
				LastUpgradeCheck = 0920;
				ORGANIZATIONNAME = "Tatiana Bocharnikova";
				TargetAttributes = {
					EEAF638A206059E50046F135 = {
						CreatedOnToolsVersion = 9.2;
						LastSwiftMigration = 0920;
						ProvisioningStyle = Automatic;
					};
				};
			};
			buildConfigurationList = EEAF6386206059E50046F135 /* Build configuration list for PBXProject "FireChat" */;
			compatibilityVersion = "Xcode 8.0";
			developmentRegion = en;
			hasScannedForEncodings = 0;
			knownRegions = (
				en,
				Base,
			);
			mainGroup = EEAF6382206059E50046F135;
			productRefGroup = EEAF638C206059E50046F135 /* Products */;
			projectDirPath = "";
			projectRoot = "";
			targets = (
				EEAF638A206059E50046F135 /* FireChat */,
			);
		};
/* End PBXProject section */

/* Begin PBXResourcesBuildPhase section */
		EEAF6389206059E50046F135 /* Resources */ = {
			isa = PBXResourcesBuildPhase;
			buildActionMask = 2147483647;
			files = (
				EEAF6399206059E50046F135 /* LaunchScreen.storyboard in Resources */,
				EE72931D20646B9900F408E2 /* anubis.json in Resources */,
				EE72931B206469B400F408E2 /* veil.json in Resources */,
				EE1714672061B5B700C84DD6 /* GoogleService-Info.plist in Resources */,
				EE72931F20646C1000F408E2 /* acrobatics.json in Resources */,
				EEAF6396206059E50046F135 /* Assets.xcassets in Resources */,
				EEAF6394206059E50046F135 /* Main.storyboard in Resources */,
			);
			runOnlyForDeploymentPostprocessing = 0;
		};
/* End PBXResourcesBuildPhase section */

/* Begin PBXShellScriptBuildPhase section */
		1A4B3AB534888C532D0EB23D /* [CP] Embed Pods Frameworks */ = {
			isa = PBXShellScriptBuildPhase;
			buildActionMask = 2147483647;
			files = (
			);
			inputPaths = (
				"${SRCROOT}/Pods/Target Support Files/Pods-FireChat/Pods-FireChat-frameworks.sh",
				"${BUILT_PRODUCTS_DIR}/GTMSessionFetcher/GTMSessionFetcher.framework",
				"${BUILT_PRODUCTS_DIR}/GoogleToolboxForMac/GoogleToolboxForMac.framework",
				"${BUILT_PRODUCTS_DIR}/JSQMessagesViewController/JSQMessagesViewController.framework",
				"${BUILT_PRODUCTS_DIR}/JSQSystemSoundPlayer/JSQSystemSoundPlayer.framework",
				"${BUILT_PRODUCTS_DIR}/leveldb-library/leveldb.framework",
				"${BUILT_PRODUCTS_DIR}/lottie-ios/Lottie.framework",
				"${BUILT_PRODUCTS_DIR}/nanopb/nanopb.framework",
			);
			name = "[CP] Embed Pods Frameworks";
			outputPaths = (
				"${TARGET_BUILD_DIR}/${FRAMEWORKS_FOLDER_PATH}/GTMSessionFetcher.framework",
				"${TARGET_BUILD_DIR}/${FRAMEWORKS_FOLDER_PATH}/GoogleToolboxForMac.framework",
				"${TARGET_BUILD_DIR}/${FRAMEWORKS_FOLDER_PATH}/JSQMessagesViewController.framework",
				"${TARGET_BUILD_DIR}/${FRAMEWORKS_FOLDER_PATH}/JSQSystemSoundPlayer.framework",
				"${TARGET_BUILD_DIR}/${FRAMEWORKS_FOLDER_PATH}/leveldb.framework",
				"${TARGET_BUILD_DIR}/${FRAMEWORKS_FOLDER_PATH}/Lottie.framework",
				"${TARGET_BUILD_DIR}/${FRAMEWORKS_FOLDER_PATH}/nanopb.framework",
			);
			runOnlyForDeploymentPostprocessing = 0;
			shellPath = /bin/sh;
			shellScript = "\"${SRCROOT}/Pods/Target Support Files/Pods-FireChat/Pods-FireChat-frameworks.sh\"\n";
			showEnvVarsInLog = 0;
		};
		D94C4418937CCF9D301DD0AC /* [CP] Copy Pods Resources */ = {
			isa = PBXShellScriptBuildPhase;
			buildActionMask = 2147483647;
			files = (
			);
			inputPaths = (
			);
			name = "[CP] Copy Pods Resources";
			outputPaths = (
			);
			runOnlyForDeploymentPostprocessing = 0;
			shellPath = /bin/sh;
			shellScript = "\"${SRCROOT}/Pods/Target Support Files/Pods-FireChat/Pods-FireChat-resources.sh\"\n";
			showEnvVarsInLog = 0;
		};
		F3CE52BB619D7D30B357EB8F /* [CP] Check Pods Manifest.lock */ = {
			isa = PBXShellScriptBuildPhase;
			buildActionMask = 2147483647;
			files = (
			);
			inputPaths = (
				"${PODS_PODFILE_DIR_PATH}/Podfile.lock",
				"${PODS_ROOT}/Manifest.lock",
			);
			name = "[CP] Check Pods Manifest.lock";
			outputPaths = (
				"$(DERIVED_FILE_DIR)/Pods-FireChat-checkManifestLockResult.txt",
			);
			runOnlyForDeploymentPostprocessing = 0;
			shellPath = /bin/sh;
			shellScript = "diff \"${PODS_PODFILE_DIR_PATH}/Podfile.lock\" \"${PODS_ROOT}/Manifest.lock\" > /dev/null\nif [ $? != 0 ] ; then\n    # print error to STDERR\n    echo \"error: The sandbox is not in sync with the Podfile.lock. Run 'pod install' or update your CocoaPods installation.\" >&2\n    exit 1\nfi\n# This output is used by Xcode 'outputs' to avoid re-running this script phase.\necho \"SUCCESS\" > \"${SCRIPT_OUTPUT_FILE_0}\"\n";
			showEnvVarsInLog = 0;
		};
/* End PBXShellScriptBuildPhase section */

/* Begin PBXSourcesBuildPhase section */
		EEAF6387206059E50046F135 /* Sources */ = {
			isa = PBXSourcesBuildPhase;
			buildActionMask = 2147483647;
			files = (
				EE17146B2061D0F800C84DD6 /* FCFirebaseAuthService.swift in Sources */,
				EE65FA25206323CA00EE2FDB /* NYAlertView.m in Sources */,
				EE7293232065BF2600F408E2 /* Contact.swift in Sources */,
				EE65FA2F2064672C00EE2FDB /* LottieHUD.swift in Sources */,
				EE65FA2A2064581600EE2FDB /* FCFirebaseDatabaseService.swift in Sources */,
				EE06C7142065D3E200D90B20 /* FCChatVC.swift in Sources */,
				EEAF638F206059E50046F135 /* AppDelegate.swift in Sources */,
				EEAF63AC206064F90046F135 /* FCSignInVC.swift in Sources */,
				EE65FA26206323CA00EE2FDB /* NYAlertViewController.m in Sources */,
				EEAF63AA206064E00046F135 /* FCContactsVC.swift in Sources */,
				EE65FA2C20645B6200EE2FDB /* Constants.swift in Sources */,
			);
			runOnlyForDeploymentPostprocessing = 0;
		};
/* End PBXSourcesBuildPhase section */

/* Begin PBXVariantGroup section */
		EEAF6392206059E50046F135 /* Main.storyboard */ = {
			isa = PBXVariantGroup;
			children = (
				EEAF6393206059E50046F135 /* Base */,
			);
			name = Main.storyboard;
			sourceTree = "<group>";
		};
		EEAF6397206059E50046F135 /* LaunchScreen.storyboard */ = {
			isa = PBXVariantGroup;
			children = (
				EEAF6398206059E50046F135 /* Base */,
			);
			name = LaunchScreen.storyboard;
			sourceTree = "<group>";
		};
/* End PBXVariantGroup section */

/* Begin XCBuildConfiguration section */
		EEAF639B206059E50046F135 /* Debug */ = {
			isa = XCBuildConfiguration;
			buildSettings = {
				ALWAYS_SEARCH_USER_PATHS = NO;
				CLANG_ANALYZER_NONNULL = YES;
				CLANG_ANALYZER_NUMBER_OBJECT_CONVERSION = YES_AGGRESSIVE;
				CLANG_CXX_LANGUAGE_STANDARD = "gnu++14";
				CLANG_CXX_LIBRARY = "libc++";
				CLANG_ENABLE_MODULES = YES;
				CLANG_ENABLE_OBJC_ARC = YES;
				CLANG_WARN_BLOCK_CAPTURE_AUTORELEASING = YES;
				CLANG_WARN_BOOL_CONVERSION = YES;
				CLANG_WARN_COMMA = YES;
				CLANG_WARN_CONSTANT_CONVERSION = YES;
				CLANG_WARN_DIRECT_OBJC_ISA_USAGE = YES_ERROR;
				CLANG_WARN_DOCUMENTATION_COMMENTS = YES;
				CLANG_WARN_EMPTY_BODY = YES;
				CLANG_WARN_ENUM_CONVERSION = YES;
				CLANG_WARN_INFINITE_RECURSION = YES;
				CLANG_WARN_INT_CONVERSION = YES;
				CLANG_WARN_NON_LITERAL_NULL_CONVERSION = YES;
				CLANG_WARN_OBJC_LITERAL_CONVERSION = YES;
				CLANG_WARN_OBJC_ROOT_CLASS = YES_ERROR;
				CLANG_WARN_RANGE_LOOP_ANALYSIS = YES;
				CLANG_WARN_STRICT_PROTOTYPES = YES;
				CLANG_WARN_SUSPICIOUS_MOVE = YES;
				CLANG_WARN_UNGUARDED_AVAILABILITY = YES_AGGRESSIVE;
				CLANG_WARN_UNREACHABLE_CODE = YES;
				CLANG_WARN__DUPLICATE_METHOD_MATCH = YES;
				CODE_SIGN_IDENTITY = "iPhone Developer";
				COPY_PHASE_STRIP = NO;
				DEBUG_INFORMATION_FORMAT = dwarf;
				ENABLE_STRICT_OBJC_MSGSEND = YES;
				ENABLE_TESTABILITY = YES;
				GCC_C_LANGUAGE_STANDARD = gnu11;
				GCC_DYNAMIC_NO_PIC = NO;
				GCC_NO_COMMON_BLOCKS = YES;
				GCC_OPTIMIZATION_LEVEL = 0;
				GCC_PREPROCESSOR_DEFINITIONS = (
					"DEBUG=1",
					"$(inherited)",
				);
				GCC_WARN_64_TO_32_BIT_CONVERSION = YES;
				GCC_WARN_ABOUT_RETURN_TYPE = YES_ERROR;
				GCC_WARN_UNDECLARED_SELECTOR = YES;
				GCC_WARN_UNINITIALIZED_AUTOS = YES_AGGRESSIVE;
				GCC_WARN_UNUSED_FUNCTION = YES;
				GCC_WARN_UNUSED_VARIABLE = YES;
				IPHONEOS_DEPLOYMENT_TARGET = 11.2;
				MTL_ENABLE_DEBUG_INFO = YES;
				ONLY_ACTIVE_ARCH = YES;
				SDKROOT = iphoneos;
				SWIFT_ACTIVE_COMPILATION_CONDITIONS = DEBUG;
				SWIFT_OBJC_BRIDGING_HEADER = "$(PROJECT_DIR)/Supporting/$(PROJECT_NAME)-Bridging-Header.h";
				SWIFT_OPTIMIZATION_LEVEL = "-Onone";
			};
			name = Debug;
		};
		EEAF639C206059E50046F135 /* Release */ = {
			isa = XCBuildConfiguration;
			buildSettings = {
				ALWAYS_SEARCH_USER_PATHS = NO;
				CLANG_ANALYZER_NONNULL = YES;
				CLANG_ANALYZER_NUMBER_OBJECT_CONVERSION = YES_AGGRESSIVE;
				CLANG_CXX_LANGUAGE_STANDARD = "gnu++14";
				CLANG_CXX_LIBRARY = "libc++";
				CLANG_ENABLE_MODULES = YES;
				CLANG_ENABLE_OBJC_ARC = YES;
				CLANG_WARN_BLOCK_CAPTURE_AUTORELEASING = YES;
				CLANG_WARN_BOOL_CONVERSION = YES;
				CLANG_WARN_COMMA = YES;
				CLANG_WARN_CONSTANT_CONVERSION = YES;
				CLANG_WARN_DIRECT_OBJC_ISA_USAGE = YES_ERROR;
				CLANG_WARN_DOCUMENTATION_COMMENTS = YES;
				CLANG_WARN_EMPTY_BODY = YES;
				CLANG_WARN_ENUM_CONVERSION = YES;
				CLANG_WARN_INFINITE_RECURSION = YES;
				CLANG_WARN_INT_CONVERSION = YES;
				CLANG_WARN_NON_LITERAL_NULL_CONVERSION = YES;
				CLANG_WARN_OBJC_LITERAL_CONVERSION = YES;
				CLANG_WARN_OBJC_ROOT_CLASS = YES_ERROR;
				CLANG_WARN_RANGE_LOOP_ANALYSIS = YES;
				CLANG_WARN_STRICT_PROTOTYPES = YES;
				CLANG_WARN_SUSPICIOUS_MOVE = YES;
				CLANG_WARN_UNGUARDED_AVAILABILITY = YES_AGGRESSIVE;
				CLANG_WARN_UNREACHABLE_CODE = YES;
				CLANG_WARN__DUPLICATE_METHOD_MATCH = YES;
				CODE_SIGN_IDENTITY = "iPhone Developer";
				COPY_PHASE_STRIP = NO;
				DEBUG_INFORMATION_FORMAT = "dwarf-with-dsym";
				ENABLE_NS_ASSERTIONS = NO;
				ENABLE_STRICT_OBJC_MSGSEND = YES;
				GCC_C_LANGUAGE_STANDARD = gnu11;
				GCC_NO_COMMON_BLOCKS = YES;
				GCC_WARN_64_TO_32_BIT_CONVERSION = YES;
				GCC_WARN_ABOUT_RETURN_TYPE = YES_ERROR;
				GCC_WARN_UNDECLARED_SELECTOR = YES;
				GCC_WARN_UNINITIALIZED_AUTOS = YES_AGGRESSIVE;
				GCC_WARN_UNUSED_FUNCTION = YES;
				GCC_WARN_UNUSED_VARIABLE = YES;
				IPHONEOS_DEPLOYMENT_TARGET = 11.2;
				MTL_ENABLE_DEBUG_INFO = NO;
				SDKROOT = iphoneos;
				SWIFT_OBJC_BRIDGING_HEADER = "$(PROJECT_DIR)/Supporting/$(PROJECT_NAME)-Bridging-Header.h";
				SWIFT_OPTIMIZATION_LEVEL = "-Owholemodule";
				VALIDATE_PRODUCT = YES;
			};
			name = Release;
		};
		EEAF639E206059E50046F135 /* Debug */ = {
			isa = XCBuildConfiguration;
			baseConfigurationReference = 4961E299F31FB6E95A32F753 /* Pods-FireChat.debug.xcconfig */;
			buildSettings = {
				ASSETCATALOG_COMPILER_APPICON_NAME = AppIcon;
				CLANG_ENABLE_MODULES = YES;
				CODE_SIGN_STYLE = Automatic;
				DEVELOPMENT_TEAM = 68G4LPYNS6;
				INFOPLIST_FILE = "$(SRCROOT)/Supporting/Info.plist";
				IPHONEOS_DEPLOYMENT_TARGET = 10.0;
				LD_RUNPATH_SEARCH_PATHS = "$(inherited) @executable_path/Frameworks";
				PRODUCT_BUNDLE_IDENTIFIER = com.tany.FireChat;
				PRODUCT_NAME = "$(TARGET_NAME)";
				SWIFT_OBJC_BRIDGING_HEADER = "$(PROJECT_DIR)/Supporting/$(PROJECT_NAME)-Bridging-Header.h";
				SWIFT_OPTIMIZATION_LEVEL = "-Onone";
				SWIFT_VERSION = 4.0;
				TARGETED_DEVICE_FAMILY = "1,2";
			};
			name = Debug;
		};
		EEAF639F206059E50046F135 /* Release */ = {
			isa = XCBuildConfiguration;
			baseConfigurationReference = DB515A6DD1129DE0747749F4 /* Pods-FireChat.release.xcconfig */;
			buildSettings = {
				ASSETCATALOG_COMPILER_APPICON_NAME = AppIcon;
				CLANG_ENABLE_MODULES = YES;
				CODE_SIGN_STYLE = Automatic;
				DEVELOPMENT_TEAM = 68G4LPYNS6;
				INFOPLIST_FILE = "$(SRCROOT)/Supporting/Info.plist";
				IPHONEOS_DEPLOYMENT_TARGET = 10.0;
				LD_RUNPATH_SEARCH_PATHS = "$(inherited) @executable_path/Frameworks";
				PRODUCT_BUNDLE_IDENTIFIER = com.tany.FireChat;
				PRODUCT_NAME = "$(TARGET_NAME)";
				SWIFT_OBJC_BRIDGING_HEADER = "$(PROJECT_DIR)/Supporting/$(PROJECT_NAME)-Bridging-Header.h";
				SWIFT_VERSION = 4.0;
				TARGETED_DEVICE_FAMILY = "1,2";
			};
			name = Release;
		};
/* End XCBuildConfiguration section */

/* Begin XCConfigurationList section */
		EEAF6386206059E50046F135 /* Build configuration list for PBXProject "FireChat" */ = {
			isa = XCConfigurationList;
			buildConfigurations = (
				EEAF639B206059E50046F135 /* Debug */,
				EEAF639C206059E50046F135 /* Release */,
			);
			defaultConfigurationIsVisible = 0;
			defaultConfigurationName = Release;
		};
		EEAF639D206059E50046F135 /* Build configuration list for PBXNativeTarget "FireChat" */ = {
			isa = XCConfigurationList;
			buildConfigurations = (
				EEAF639E206059E50046F135 /* Debug */,
				EEAF639F206059E50046F135 /* Release */,
			);
			defaultConfigurationIsVisible = 0;
			defaultConfigurationName = Release;
		};
/* End XCConfigurationList section */
	};
	rootObject = EEAF6383206059E50046F135 /* Project object */;
}
